// !$*UTF8*$!
{
	archiveVersion = 1;
	classes = {
	};
	objectVersion = 46;
	objects = {

/* Begin PBXBuildFile section */
		550A63CF1406567B00864125 /* NSColorFormatter.m in Sources */ = {isa = PBXBuildFile; fileRef = 550A63CE1406567B00864125 /* NSColorFormatter.m */; };
		55A8833714151D5D0076BB4A /* NSScreen+PointConversion.m in Sources */ = {isa = PBXBuildFile; fileRef = 55A8833614151D5D0076BB4A /* NSScreen+PointConversion.m */; };
		55A8833A1415357E0076BB4A /* ColorPicker_menubar.png in Resources */ = {isa = PBXBuildFile; fileRef = 55A883391415357E0076BB4A /* ColorPicker_menubar.png */; };
		55A8833C141539E10076BB4A /* APPL.icns in Resources */ = {isa = PBXBuildFile; fileRef = 55A8833B141539E10076BB4A /* APPL.icns */; };
		55A8833E14153BCA0076BB4A /* close.png in Resources */ = {isa = PBXBuildFile; fileRef = 55A8833D14153BCA0076BB4A /* close.png */; };
		55A883421415F8EF0076BB4A /* PreferencesController.m in Sources */ = {isa = PBXBuildFile; fileRef = 55A883401415F8EE0076BB4A /* PreferencesController.m */; };
		55A883431415F8EF0076BB4A /* PreferencesController.xib in Resources */ = {isa = PBXBuildFile; fileRef = 55A883411415F8EE0076BB4A /* PreferencesController.xib */; };
		55C9F16E1400FAF000321C9E /* AppController.m in Sources */ = {isa = PBXBuildFile; fileRef = 55C9F16D1400FAF000321C9E /* AppController.m */; };
		55C9F1751400FB0200321C9E /* CustomStatusItem.m in Sources */ = {isa = PBXBuildFile; fileRef = 55C9F1721400FB0200321C9E /* CustomStatusItem.m */; };
		55C9F1761400FB0200321C9E /* CustomWindow.m in Sources */ = {isa = PBXBuildFile; fileRef = 55C9F1741400FB0200321C9E /* CustomWindow.m */; };
		55C9F18A140236EA00321C9E /* RSLoginItems.m in Sources */ = {isa = PBXBuildFile; fileRef = 55C9F189140236EA00321C9E /* RSLoginItems.m */; };
		55C9F18D140240CE00321C9E /* ColorPickerView.xib in Resources */ = {isa = PBXBuildFile; fileRef = 55C9F18C140240CE00321C9E /* ColorPickerView.xib */; };
		55C9F191140242E400321C9E /* ColorPickerViewController.m in Sources */ = {isa = PBXBuildFile; fileRef = 55C9F18F140242E300321C9E /* ColorPickerViewController.m */; };
		55C9F1951402450E00321C9E /* ColorPickerPreview.m in Sources */ = {isa = PBXBuildFile; fileRef = 55C9F1941402450E00321C9E /* ColorPickerPreview.m */; };
		55C9F1A41402DDE800321C9E /* ColorsHistoryController.m in Sources */ = {isa = PBXBuildFile; fileRef = 55C9F1A31402DDE800321C9E /* ColorsHistoryController.m */; };
		55C9F1A81402E00E00321C9E /* ColorHistoryView.m in Sources */ = {isa = PBXBuildFile; fileRef = 55C9F1A71402E00E00321C9E /* ColorHistoryView.m */; };
		55C9F1B61402F29800321C9E /* DDHotKeyCenter.m in Sources */ = {isa = PBXBuildFile; fileRef = 55C9F1B51402F29700321C9E /* DDHotKeyCenter.m */; };
		55C9F1B81402F45C00321C9E /* Carbon.framework in Frameworks */ = {isa = PBXBuildFile; fileRef = 55C9F1B71402F45B00321C9E /* Carbon.framework */; };
		55D4EC8013FFF18D00D13344 /* Cocoa.framework in Frameworks */ = {isa = PBXBuildFile; fileRef = 55D4EC7F13FFF18D00D13344 /* Cocoa.framework */; };
		55D4EC8A13FFF18D00D13344 /* InfoPlist.strings in Resources */ = {isa = PBXBuildFile; fileRef = 55D4EC8813FFF18D00D13344 /* InfoPlist.strings */; };
		55D4EC8C13FFF18D00D13344 /* main.m in Sources */ = {isa = PBXBuildFile; fileRef = 55D4EC8B13FFF18D00D13344 /* main.m */; };
		55D4EC9013FFF18D00D13344 /* Credits.rtf in Resources */ = {isa = PBXBuildFile; fileRef = 55D4EC8E13FFF18D00D13344 /* Credits.rtf */; };
		55D4EC9313FFF18D00D13344 /* ColorPickerAppDelegate.m in Sources */ = {isa = PBXBuildFile; fileRef = 55D4EC9213FFF18D00D13344 /* ColorPickerAppDelegate.m */; };
		55D4EC9613FFF18D00D13344 /* MainMenu.xib in Resources */ = {isa = PBXBuildFile; fileRef = 55D4EC9413FFF18D00D13344 /* MainMenu.xib */; };
		55D4EC9E13FFF1A200D13344 /* ColorPicker.m in Sources */ = {isa = PBXBuildFile; fileRef = 55D4EC9D13FFF1A200D13344 /* ColorPicker.m */; };
/* End PBXBuildFile section */

/* Begin PBXFileReference section */
		550A63CD1406567B00864125 /* NSColorFormatter.h */ = {isa = PBXFileReference; fileEncoding = 4; lastKnownFileType = sourcecode.c.h; path = NSColorFormatter.h; sourceTree = "<group>"; };
		550A63CE1406567B00864125 /* NSColorFormatter.m */ = {isa = PBXFileReference; fileEncoding = 4; lastKnownFileType = sourcecode.c.objc; path = NSColorFormatter.m; sourceTree = "<group>"; };
		55A8833514151D5D0076BB4A /* NSScreen+PointConversion.h */ = {isa = PBXFileReference; fileEncoding = 4; lastKnownFileType = sourcecode.c.h; path = "NSScreen+PointConversion.h"; sourceTree = "<group>"; };
		55A8833614151D5D0076BB4A /* NSScreen+PointConversion.m */ = {isa = PBXFileReference; fileEncoding = 4; lastKnownFileType = sourcecode.c.objc; path = "NSScreen+PointConversion.m"; sourceTree = "<group>"; };
		55A883391415357E0076BB4A /* ColorPicker_menubar.png */ = {isa = PBXFileReference; lastKnownFileType = image.png; path = ColorPicker_menubar.png; sourceTree = "<group>"; };
		55A8833B141539E10076BB4A /* APPL.icns */ = {isa = PBXFileReference; lastKnownFileType = image.icns; path = APPL.icns; sourceTree = "<group>"; };
		55A8833D14153BCA0076BB4A /* close.png */ = {isa = PBXFileReference; lastKnownFileType = image.png; path = close.png; sourceTree = "<group>"; };
		55A8833F1415F8EE0076BB4A /* PreferencesController.h */ = {isa = PBXFileReference; fileEncoding = 4; lastKnownFileType = sourcecode.c.h; path = PreferencesController.h; sourceTree = "<group>"; };
		55A883401415F8EE0076BB4A /* PreferencesController.m */ = {isa = PBXFileReference; fileEncoding = 4; lastKnownFileType = sourcecode.c.objc; path = PreferencesController.m; sourceTree = "<group>"; };
		55A883411415F8EE0076BB4A /* PreferencesController.xib */ = {isa = PBXFileReference; fileEncoding = 4; lastKnownFileType = file.xib; path = PreferencesController.xib; sourceTree = "<group>"; };
		55C9F16C1400FAF000321C9E /* AppController.h */ = {isa = PBXFileReference; fileEncoding = 4; lastKnownFileType = sourcecode.c.h; path = AppController.h; sourceTree = "<group>"; };
		55C9F16D1400FAF000321C9E /* AppController.m */ = {isa = PBXFileReference; fileEncoding = 4; lastKnownFileType = sourcecode.c.objc; path = AppController.m; sourceTree = "<group>"; };
		55C9F1701400FAF900321C9E /* Constants.h */ = {isa = PBXFileReference; fileEncoding = 4; lastKnownFileType = sourcecode.c.h; path = Constants.h; sourceTree = "<group>"; };
		55C9F1711400FB0200321C9E /* CustomStatusItem.h */ = {isa = PBXFileReference; fileEncoding = 4; lastKnownFileType = sourcecode.c.h; path = CustomStatusItem.h; sourceTree = "<group>"; };
		55C9F1721400FB0200321C9E /* CustomStatusItem.m */ = {isa = PBXFileReference; fileEncoding = 4; lastKnownFileType = sourcecode.c.objc; path = CustomStatusItem.m; sourceTree = "<group>"; };
		55C9F1731400FB0200321C9E /* CustomWindow.h */ = {isa = PBXFileReference; fileEncoding = 4; lastKnownFileType = sourcecode.c.h; path = CustomWindow.h; sourceTree = "<group>"; };
		55C9F1741400FB0200321C9E /* CustomWindow.m */ = {isa = PBXFileReference; fileEncoding = 4; lastKnownFileType = sourcecode.c.objc; path = CustomWindow.m; sourceTree = "<group>"; };
		55C9F188140236EA00321C9E /* RSLoginItems.h */ = {isa = PBXFileReference; fileEncoding = 4; lastKnownFileType = sourcecode.c.h; path = RSLoginItems.h; sourceTree = "<group>"; };
		55C9F189140236EA00321C9E /* RSLoginItems.m */ = {isa = PBXFileReference; fileEncoding = 4; lastKnownFileType = sourcecode.c.objc; path = RSLoginItems.m; sourceTree = "<group>"; };
		55C9F18C140240CE00321C9E /* ColorPickerView.xib */ = {isa = PBXFileReference; fileEncoding = 4; lastKnownFileType = file.xib; path = ColorPickerView.xib; sourceTree = "<group>"; };
		55C9F18E140242E300321C9E /* ColorPickerViewController.h */ = {isa = PBXFileReference; fileEncoding = 4; lastKnownFileType = sourcecode.c.h; path = ColorPickerViewController.h; sourceTree = "<group>"; };
		55C9F18F140242E300321C9E /* ColorPickerViewController.m */ = {isa = PBXFileReference; fileEncoding = 4; lastKnownFileType = sourcecode.c.objc; path = ColorPickerViewController.m; sourceTree = "<group>"; };
		55C9F1931402450E00321C9E /* ColorPickerPreview.h */ = {isa = PBXFileReference; fileEncoding = 4; lastKnownFileType = sourcecode.c.h; path = ColorPickerPreview.h; sourceTree = "<group>"; };
		55C9F1941402450E00321C9E /* ColorPickerPreview.m */ = {isa = PBXFileReference; fileEncoding = 4; lastKnownFileType = sourcecode.c.objc; path = ColorPickerPreview.m; sourceTree = "<group>"; };
		55C9F1A21402DDE800321C9E /* ColorsHistoryController.h */ = {isa = PBXFileReference; fileEncoding = 4; lastKnownFileType = sourcecode.c.h; path = ColorsHistoryController.h; sourceTree = "<group>"; };
		55C9F1A31402DDE800321C9E /* ColorsHistoryController.m */ = {isa = PBXFileReference; fileEncoding = 4; lastKnownFileType = sourcecode.c.objc; path = ColorsHistoryController.m; sourceTree = "<group>"; };
		55C9F1A61402E00E00321C9E /* ColorHistoryView.h */ = {isa = PBXFileReference; fileEncoding = 4; lastKnownFileType = sourcecode.c.h; path = ColorHistoryView.h; sourceTree = "<group>"; };
		55C9F1A71402E00E00321C9E /* ColorHistoryView.m */ = {isa = PBXFileReference; fileEncoding = 4; lastKnownFileType = sourcecode.c.objc; path = ColorHistoryView.m; sourceTree = "<group>"; };
		55C9F1B41402F29700321C9E /* DDHotKeyCenter.h */ = {isa = PBXFileReference; fileEncoding = 4; lastKnownFileType = sourcecode.c.h; path = DDHotKeyCenter.h; sourceTree = "<group>"; };
		55C9F1B51402F29700321C9E /* DDHotKeyCenter.m */ = {isa = PBXFileReference; fileEncoding = 4; lastKnownFileType = sourcecode.c.objc; path = DDHotKeyCenter.m; sourceTree = "<group>"; };
		55C9F1B71402F45B00321C9E /* Carbon.framework */ = {isa = PBXFileReference; lastKnownFileType = wrapper.framework; name = Carbon.framework; path = System/Library/Frameworks/Carbon.framework; sourceTree = SDKROOT; };
		55D4EC7B13FFF18D00D13344 /* Color Picker.app */ = {isa = PBXFileReference; explicitFileType = wrapper.application; includeInIndex = 0; path = "Color Picker.app"; sourceTree = BUILT_PRODUCTS_DIR; };
		55D4EC7F13FFF18D00D13344 /* Cocoa.framework */ = {isa = PBXFileReference; lastKnownFileType = wrapper.framework; name = Cocoa.framework; path = System/Library/Frameworks/Cocoa.framework; sourceTree = SDKROOT; };
		55D4EC8213FFF18D00D13344 /* AppKit.framework */ = {isa = PBXFileReference; lastKnownFileType = wrapper.framework; name = AppKit.framework; path = System/Library/Frameworks/AppKit.framework; sourceTree = SDKROOT; };
		55D4EC8313FFF18D00D13344 /* CoreData.framework */ = {isa = PBXFileReference; lastKnownFileType = wrapper.framework; name = CoreData.framework; path = System/Library/Frameworks/CoreData.framework; sourceTree = SDKROOT; };
		55D4EC8413FFF18D00D13344 /* Foundation.framework */ = {isa = PBXFileReference; lastKnownFileType = wrapper.framework; name = Foundation.framework; path = System/Library/Frameworks/Foundation.framework; sourceTree = SDKROOT; };
		55D4EC8713FFF18D00D13344 /* Color Picker-Info.plist */ = {isa = PBXFileReference; lastKnownFileType = text.plist.xml; path = "Color Picker-Info.plist"; sourceTree = "<group>"; };
		55D4EC8913FFF18D00D13344 /* en */ = {isa = PBXFileReference; lastKnownFileType = text.plist.strings; name = en; path = en.lproj/InfoPlist.strings; sourceTree = "<group>"; };
		55D4EC8B13FFF18D00D13344 /* main.m */ = {isa = PBXFileReference; lastKnownFileType = sourcecode.c.objc; path = main.m; sourceTree = "<group>"; };
		55D4EC8D13FFF18D00D13344 /* Color Picker-Prefix.pch */ = {isa = PBXFileReference; lastKnownFileType = sourcecode.c.h; path = "Color Picker-Prefix.pch"; sourceTree = "<group>"; };
		55D4EC8F13FFF18D00D13344 /* en */ = {isa = PBXFileReference; lastKnownFileType = text.rtf; name = en; path = en.lproj/Credits.rtf; sourceTree = "<group>"; };
		55D4EC9113FFF18D00D13344 /* ColorPickerAppDelegate.h */ = {isa = PBXFileReference; lastKnownFileType = sourcecode.c.h; path = ColorPickerAppDelegate.h; sourceTree = "<group>"; };
		55D4EC9213FFF18D00D13344 /* ColorPickerAppDelegate.m */ = {isa = PBXFileReference; lastKnownFileType = sourcecode.c.objc; path = ColorPickerAppDelegate.m; sourceTree = "<group>"; };
		55D4EC9513FFF18D00D13344 /* en */ = {isa = PBXFileReference; lastKnownFileType = file.xib; name = en; path = en.lproj/MainMenu.xib; sourceTree = "<group>"; };
		55D4EC9C13FFF1A200D13344 /* ColorPicker.h */ = {isa = PBXFileReference; fileEncoding = 4; lastKnownFileType = sourcecode.c.h; path = ColorPicker.h; sourceTree = "<group>"; };
		55D4EC9D13FFF1A200D13344 /* ColorPicker.m */ = {isa = PBXFileReference; fileEncoding = 4; lastKnownFileType = sourcecode.c.objc; path = ColorPicker.m; sourceTree = "<group>"; };
/* End PBXFileReference section */

/* Begin PBXFrameworksBuildPhase section */
		55D4EC7813FFF18D00D13344 /* Frameworks */ = {
			isa = PBXFrameworksBuildPhase;
			buildActionMask = 2147483647;
			files = (
				55C9F1B81402F45C00321C9E /* Carbon.framework in Frameworks */,
				55D4EC8013FFF18D00D13344 /* Cocoa.framework in Frameworks */,
			);
			runOnlyForDeploymentPostprocessing = 0;
		};
/* End PBXFrameworksBuildPhase section */

/* Begin PBXGroup section */
		55608EB71412232100670B82 /* Images */ = {
			isa = PBXGroup;
			children = (
				55A883391415357E0076BB4A /* ColorPicker_menubar.png */,
				55A8833D14153BCA0076BB4A /* close.png */,
			);
			path = Images;
			sourceTree = "<group>";
		};
		55C9F1A91402E0E500321C9E /* Views */ = {
			isa = PBXGroup;
			children = (
				55C9F1711400FB0200321C9E /* CustomStatusItem.h */,
				55C9F1721400FB0200321C9E /* CustomStatusItem.m */,
				55C9F1A61402E00E00321C9E /* ColorHistoryView.h */,
				55C9F1A71402E00E00321C9E /* ColorHistoryView.m */,
				55C9F1931402450E00321C9E /* ColorPickerPreview.h */,
				55C9F1941402450E00321C9E /* ColorPickerPreview.m */,
			);
			name = Views;
			sourceTree = "<group>";
		};
		55D4EC7013FFF18D00D13344 = {
			isa = PBXGroup;
			children = (
				55A8833B141539E10076BB4A /* APPL.icns */,
				55C9F1B71402F45B00321C9E /* Carbon.framework */,
				55D4EC8513FFF18D00D13344 /* ColorPicker */,
				55D4EC7E13FFF18D00D13344 /* Frameworks */,
				55D4EC7C13FFF18D00D13344 /* Products */,
			);
			sourceTree = "<group>";
		};
		55D4EC7C13FFF18D00D13344 /* Products */ = {
			isa = PBXGroup;
			children = (
				55D4EC7B13FFF18D00D13344 /* Color Picker.app */,
			);
			name = Products;
			sourceTree = "<group>";
		};
		55D4EC7E13FFF18D00D13344 /* Frameworks */ = {
			isa = PBXGroup;
			children = (
				55D4EC7F13FFF18D00D13344 /* Cocoa.framework */,
				55D4EC8113FFF18D00D13344 /* Other Frameworks */,
			);
			name = Frameworks;
			sourceTree = "<group>";
		};
		55D4EC8113FFF18D00D13344 /* Other Frameworks */ = {
			isa = PBXGroup;
			children = (
				55D4EC8213FFF18D00D13344 /* AppKit.framework */,
				55D4EC8313FFF18D00D13344 /* CoreData.framework */,
				55D4EC8413FFF18D00D13344 /* Foundation.framework */,
			);
			name = "Other Frameworks";
			sourceTree = "<group>";
		};
		55D4EC8513FFF18D00D13344 /* ColorPicker */ = {
			isa = PBXGroup;
			children = (
				55D4EC8613FFF18D00D13344 /* Supporting Files */,
				55608EB71412232100670B82 /* Images */,
				55C9F1A91402E0E500321C9E /* Views */,
				55C9F1701400FAF900321C9E /* Constants.h */,
				55D4EC9113FFF18D00D13344 /* ColorPickerAppDelegate.h */,
				55D4EC9213FFF18D00D13344 /* ColorPickerAppDelegate.m */,
				55C9F16C1400FAF000321C9E /* AppController.h */,
				55C9F16D1400FAF000321C9E /* AppController.m */,
				55D4EC9413FFF18D00D13344 /* MainMenu.xib */,
				55C9F1A21402DDE800321C9E /* ColorsHistoryController.h */,
				55C9F1A31402DDE800321C9E /* ColorsHistoryController.m */,
				55D4EC9C13FFF1A200D13344 /* ColorPicker.h */,
				55D4EC9D13FFF1A200D13344 /* ColorPicker.m */,
				55C9F18C140240CE00321C9E /* ColorPickerView.xib */,
				55C9F18E140242E300321C9E /* ColorPickerViewController.h */,
				55C9F18F140242E300321C9E /* ColorPickerViewController.m */,
				55C9F1731400FB0200321C9E /* CustomWindow.h */,
				55C9F1741400FB0200321C9E /* CustomWindow.m */,
				55C9F1B41402F29700321C9E /* DDHotKeyCenter.h */,
				55C9F1B51402F29700321C9E /* DDHotKeyCenter.m */,
				55C9F188140236EA00321C9E /* RSLoginItems.h */,
				55C9F189140236EA00321C9E /* RSLoginItems.m */,
				550A63CD1406567B00864125 /* NSColorFormatter.h */,
				550A63CE1406567B00864125 /* NSColorFormatter.m */,
				55A8833514151D5D0076BB4A /* NSScreen+PointConversion.h */,
				55A8833614151D5D0076BB4A /* NSScreen+PointConversion.m */,
				55A8833F1415F8EE0076BB4A /* PreferencesController.h */,
				55A883401415F8EE0076BB4A /* PreferencesController.m */,
				55A883411415F8EE0076BB4A /* PreferencesController.xib */,
			);
			path = ColorPicker;
			sourceTree = "<group>";
		};
		55D4EC8613FFF18D00D13344 /* Supporting Files */ = {
			isa = PBXGroup;
			children = (
				55D4EC8713FFF18D00D13344 /* Color Picker-Info.plist */,
				55D4EC8813FFF18D00D13344 /* InfoPlist.strings */,
				55D4EC8B13FFF18D00D13344 /* main.m */,
				55D4EC8D13FFF18D00D13344 /* Color Picker-Prefix.pch */,
				55D4EC8E13FFF18D00D13344 /* Credits.rtf */,
			);
			name = "Supporting Files";
			sourceTree = "<group>";
		};
/* End PBXGroup section */

/* Begin PBXNativeTarget section */
		55D4EC7A13FFF18D00D13344 /* Color Picker */ = {
			isa = PBXNativeTarget;
			buildConfigurationList = 55D4EC9913FFF18D00D13344 /* Build configuration list for PBXNativeTarget "Color Picker" */;
			buildPhases = (
				55D4EC7713FFF18D00D13344 /* Sources */,
				55D4EC7813FFF18D00D13344 /* Frameworks */,
				55D4EC7913FFF18D00D13344 /* Resources */,
			);
			buildRules = (
			);
			dependencies = (
			);
			name = "Color Picker";
			productName = ColorPicker;
			productReference = 55D4EC7B13FFF18D00D13344 /* Color Picker.app */;
			productType = "com.apple.product-type.application";
		};
/* End PBXNativeTarget section */

/* Begin PBXProject section */
		55D4EC7213FFF18D00D13344 /* Project object */ = {
			isa = PBXProject;
			attributes = {
				ORGANIZATIONNAME = DibiStore;
			};
			buildConfigurationList = 55D4EC7513FFF18D00D13344 /* Build configuration list for PBXProject "Color Picker" */;
			compatibilityVersion = "Xcode 3.2";
			developmentRegion = English;
			hasScannedForEncodings = 0;
			knownRegions = (
				en,
			);
			mainGroup = 55D4EC7013FFF18D00D13344;
			productRefGroup = 55D4EC7C13FFF18D00D13344 /* Products */;
			projectDirPath = "";
			projectRoot = "";
			targets = (
				55D4EC7A13FFF18D00D13344 /* Color Picker */,
			);
		};
/* End PBXProject section */

/* Begin PBXResourcesBuildPhase section */
		55D4EC7913FFF18D00D13344 /* Resources */ = {
			isa = PBXResourcesBuildPhase;
			buildActionMask = 2147483647;
			files = (
				55D4EC8A13FFF18D00D13344 /* InfoPlist.strings in Resources */,
				55D4EC9013FFF18D00D13344 /* Credits.rtf in Resources */,
				55D4EC9613FFF18D00D13344 /* MainMenu.xib in Resources */,
				55C9F18D140240CE00321C9E /* ColorPickerView.xib in Resources */,
				55A8833A1415357E0076BB4A /* ColorPicker_menubar.png in Resources */,
				55A8833C141539E10076BB4A /* APPL.icns in Resources */,
				55A8833E14153BCA0076BB4A /* close.png in Resources */,
				55A883431415F8EF0076BB4A /* PreferencesController.xib in Resources */,
			);
			runOnlyForDeploymentPostprocessing = 0;
		};
/* End PBXResourcesBuildPhase section */

/* Begin PBXSourcesBuildPhase section */
		55D4EC7713FFF18D00D13344 /* Sources */ = {
			isa = PBXSourcesBuildPhase;
			buildActionMask = 2147483647;
			files = (
				55D4EC8C13FFF18D00D13344 /* main.m in Sources */,
				55D4EC9313FFF18D00D13344 /* ColorPickerAppDelegate.m in Sources */,
				55D4EC9E13FFF1A200D13344 /* ColorPicker.m in Sources */,
				55C9F16E1400FAF000321C9E /* AppController.m in Sources */,
				55C9F1751400FB0200321C9E /* CustomStatusItem.m in Sources */,
				55C9F1761400FB0200321C9E /* CustomWindow.m in Sources */,
				55C9F18A140236EA00321C9E /* RSLoginItems.m in Sources */,
				55C9F191140242E400321C9E /* ColorPickerViewController.m in Sources */,
				55C9F1951402450E00321C9E /* ColorPickerPreview.m in Sources */,
				55C9F1A41402DDE800321C9E /* ColorsHistoryController.m in Sources */,
				55C9F1A81402E00E00321C9E /* ColorHistoryView.m in Sources */,
				55C9F1B61402F29800321C9E /* DDHotKeyCenter.m in Sources */,
				550A63CF1406567B00864125 /* NSColorFormatter.m in Sources */,
				55A8833714151D5D0076BB4A /* NSScreen+PointConversion.m in Sources */,
				55A883421415F8EF0076BB4A /* PreferencesController.m in Sources */,
			);
			runOnlyForDeploymentPostprocessing = 0;
		};
/* End PBXSourcesBuildPhase section */

/* Begin PBXVariantGroup section */
		55D4EC8813FFF18D00D13344 /* InfoPlist.strings */ = {
			isa = PBXVariantGroup;
			children = (
				55D4EC8913FFF18D00D13344 /* en */,
			);
			name = InfoPlist.strings;
			sourceTree = "<group>";
		};
		55D4EC8E13FFF18D00D13344 /* Credits.rtf */ = {
			isa = PBXVariantGroup;
			children = (
				55D4EC8F13FFF18D00D13344 /* en */,
			);
			name = Credits.rtf;
			sourceTree = "<group>";
		};
		55D4EC9413FFF18D00D13344 /* MainMenu.xib */ = {
			isa = PBXVariantGroup;
			children = (
				55D4EC9513FFF18D00D13344 /* en */,
			);
			name = MainMenu.xib;
			sourceTree = "<group>";
		};
/* End PBXVariantGroup section */

/* Begin XCBuildConfiguration section */
		55D4EC9713FFF18D00D13344 /* Debug */ = {
			isa = XCBuildConfiguration;
			buildSettings = {
				ALWAYS_SEARCH_USER_PATHS = NO;
				ARCHS = "$(ARCHS_STANDARD_64_BIT)";
				CLANG_ENABLE_OBJC_ARC = YES;
				COPY_PHASE_STRIP = NO;
				GCC_C_LANGUAGE_STANDARD = gnu99;
				GCC_DYNAMIC_NO_PIC = NO;
				GCC_ENABLE_OBJC_EXCEPTIONS = YES;
				GCC_OPTIMIZATION_LEVEL = 0;
				GCC_PREPROCESSOR_DEFINITIONS = (
					"DEBUG=1",
					"$(inherited)",
				);
				GCC_SYMBOLS_PRIVATE_EXTERN = NO;
				GCC_VERSION = com.apple.compilers.llvm.clang.1_0;
				GCC_WARN_64_TO_32_BIT_CONVERSION = YES;
				GCC_WARN_ABOUT_MISSING_PROTOTYPES = YES;
				GCC_WARN_ABOUT_RETURN_TYPE = YES;
				GCC_WARN_UNUSED_VARIABLE = YES;
				MACOSX_DEPLOYMENT_TARGET = 10.7;
				ONLY_ACTIVE_ARCH = YES;
				SDKROOT = macosx;
			};
			name = Debug;
		};
		55D4EC9813FFF18D00D13344 /* Release */ = {
			isa = XCBuildConfiguration;
			buildSettings = {
				ALWAYS_SEARCH_USER_PATHS = NO;
				ARCHS = "$(ARCHS_STANDARD_64_BIT)";
				CLANG_ENABLE_OBJC_ARC = YES;
				COPY_PHASE_STRIP = YES;
				DEBUG_INFORMATION_FORMAT = "dwarf-with-dsym";
				GCC_C_LANGUAGE_STANDARD = gnu99;
				GCC_ENABLE_OBJC_EXCEPTIONS = YES;
				GCC_VERSION = com.apple.compilers.llvm.clang.1_0;
				GCC_WARN_64_TO_32_BIT_CONVERSION = YES;
				GCC_WARN_ABOUT_MISSING_PROTOTYPES = YES;
				GCC_WARN_ABOUT_RETURN_TYPE = YES;
				GCC_WARN_UNUSED_VARIABLE = YES;
				MACOSX_DEPLOYMENT_TARGET = 10.7;
				SDKROOT = macosx;
			};
			name = Release;
		};
		55D4EC9A13FFF18D00D13344 /* Debug */ = {
			isa = XCBuildConfiguration;
			buildSettings = {
				GCC_PRECOMPILE_PREFIX_HEADER = YES;
				GCC_PREFIX_HEADER = "ColorPicker/Color Picker-Prefix.pch";
				INFOPLIST_FILE = "ColorPicker/Color Picker-Info.plist";
				MACOSX_DEPLOYMENT_TARGET = 10.6;
				PRODUCT_NAME = "Color Picker";
				WRAPPER_EXTENSION = app;
			};
			name = Debug;
		};
		55D4EC9B13FFF18D00D13344 /* Release */ = {
			isa = XCBuildConfiguration;
			buildSettings = {
				GCC_PRECOMPILE_PREFIX_HEADER = YES;
				GCC_PREFIX_HEADER = "ColorPicker/Color Picker-Prefix.pch";
				INFOPLIST_FILE = "ColorPicker/Color Picker-Info.plist";
				MACOSX_DEPLOYMENT_TARGET = 10.6;
				PRODUCT_NAME = "Color Picker";
				WRAPPER_EXTENSION = app;
			};
			name = Release;
		};
/* End XCBuildConfiguration section */

/* Begin XCConfigurationList section */
		55D4EC7513FFF18D00D13344 /* Build configuration list for PBXProject "Color Picker" */ = {
			isa = XCConfigurationList;
			buildConfigurations = (
				55D4EC9713FFF18D00D13344 /* Debug */,
				55D4EC9813FFF18D00D13344 /* Release */,
			);
			defaultConfigurationIsVisible = 0;
			defaultConfigurationName = Release;
		};
		55D4EC9913FFF18D00D13344 /* Build configuration list for PBXNativeTarget "Color Picker" */ = {
			isa = XCConfigurationList;
			buildConfigurations = (
				55D4EC9A13FFF18D00D13344 /* Debug */,
				55D4EC9B13FFF18D00D13344 /* Release */,
			);
			defaultConfigurationIsVisible = 0;
			defaultConfigurationName = Release;
		};
/* End XCConfigurationList section */
	};
	rootObject = 55D4EC7213FFF18D00D13344 /* Project object */;
}
